
Microsoft Visual Studio Solution File, Format Version 12.00
# Visual Studio Version 17
VisualStudioVersion = 17.2.32616.157
MinimumVisualStudioVersion = 10.0.40219.1
Project("{FAE04EC0-301F-11D3-BF4B-00C04F79EFBC}") = "WebApi", "WebApi\WebApi.csproj", "{1C3A5FF9-8778-4FCA-9D40-1F428E5B2DB3}"
EndProject
Project("{FAE04EC0-301F-11D3-BF4B-00C04F79EFBC}") = "BisnessLogic", "BisnessLogic\BisnessLogic.csproj", "{81591ECD-1950-45C8-8958-A3B3C4188EDA}"
EndProject
Project("{FAE04EC0-301F-11D3-BF4B-00C04F79EFBC}") = "CoreEntities", "CoreEntities\CoreEntities.csproj", "{71F9E52F-43B5-4C3F-B48A-7C27BFCE26F5}"
EndProject
Global
	GlobalSection(SolutionConfigurationPlatforms) = preSolution
		Debug|Any CPU = Debug|Any CPU
		Release|Any CPU = Release|Any CPU
	EndGlobalSection
	GlobalSection(ProjectConfigurationPlatforms) = postSolution
		{1C3A5FF9-8778-4FCA-9D40-1F428E5B2DB3}.Debug|Any CPU.ActiveCfg = Debug|Any CPU
		{1C3A5FF9-8778-4FCA-9D40-1F428E5B2DB3}.Debug|Any CPU.Build.0 = Debug|Any CPU
		{1C3A5FF9-8778-4FCA-9D40-1F428E5B2DB3}.Release|Any CPU.ActiveCfg = Release|Any CPU
		{1C3A5FF9-8778-4FCA-9D40-1F428E5B2DB3}.Release|Any CPU.Build.0 = Release|Any CPU
		{81591ECD-1950-45C8-8958-A3B3C4188EDA}.Debug|Any CPU.ActiveCfg = Debug|Any CPU
		{81591ECD-1950-45C8-8958-A3B3C4188EDA}.Debug|Any CPU.Build.0 = Debug|Any CPU
		{81591ECD-1950-45C8-8958-A3B3C4188EDA}.Release|Any CPU.ActiveCfg = Release|Any CPU
		{81591ECD-1950-45C8-8958-A3B3C4188EDA}.Release|Any CPU.Build.0 = Release|Any CPU
		{71F9E52F-43B5-4C3F-B48A-7C27BFCE26F5}.Debug|Any CPU.ActiveCfg = Debug|Any CPU
		{71F9E52F-43B5-4C3F-B48A-7C27BFCE26F5}.Debug|Any CPU.Build.0 = Debug|Any CPU
		{71F9E52F-43B5-4C3F-B48A-7C27BFCE26F5}.Release|Any CPU.ActiveCfg = Release|Any CPU
		{71F9E52F-43B5-4C3F-B48A-7C27BFCE26F5}.Release|Any CPU.Build.0 = Release|Any CPU
	EndGlobalSection
	GlobalSection(SolutionProperties) = preSolution
		HideSolutionNode = FALSE
	EndGlobalSection
	GlobalSection(ExtensibilityGlobals) = postSolution
		SolutionGuid = {BEF99352-B49C-4FD1-B291-0341B322FFCB}
	EndGlobalSection
EndGlobal
